// !$*UTF8*$!
{
	archiveVersion = 1;
	classes = {
	};
	objectVersion = 46;
	objects = {

/* Begin PBXBuildFile section */
		D231B5681B00ABC9005B9E95 /* WFPopView.m in Sources */ = {isa = PBXBuildFile; fileRef = D231B5671B00ABC9005B9E95 /* WFPopView.m */; };
		D248D3EE1AF075DE004E8F3D /* WFMessageBody.m in Sources */ = {isa = PBXBuildFile; fileRef = D248D3ED1AF075DE004E8F3D /* WFMessageBody.m */; };
		D2669DE71A075A6800EF7532 /* personal_showBac@2x.png in Resources */ = {isa = PBXBuildFile; fileRef = D2669DE61A075A6800EF7532 /* personal_showBac@2x.png */; };
		D2669DEC1A075EAD00EF7532 /* 1.png in Resources */ = {isa = PBXBuildFile; fileRef = D2669DE91A075EAD00EF7532 /* 1.png */; };
		D2669DED1A075EAD00EF7532 /* 2.png in Resources */ = {isa = PBXBuildFile; fileRef = D2669DEA1A075EAD00EF7532 /* 2.png */; };
		D2669DEE1A075EAD00EF7532 /* 3.png in Resources */ = {isa = PBXBuildFile; fileRef = D2669DEB1A075EAD00EF7532 /* 3.png */; };
		D2669DF01A0760DA00EF7532 /* mao@2x.jpg in Resources */ = {isa = PBXBuildFile; fileRef = D2669DEF1A0760DA00EF7532 /* mao@2x.jpg */; };
		D2669DF31A076A7200EF7532 /* YMTapGestureRecongnizer.m in Sources */ = {isa = PBXBuildFile; fileRef = D2669DF21A076A7200EF7532 /* YMTapGestureRecongnizer.m */; };
		D2669DF61A076ED000EF7532 /* YMShowImageView.m in Sources */ = {isa = PBXBuildFile; fileRef = D2669DF51A076ED000EF7532 /* YMShowImageView.m */; };
		D27CF9101A00B60F006B2D2B /* ILRegularExpressionManager.m in Sources */ = {isa = PBXBuildFile; fileRef = D27CF9091A00B60F006B2D2B /* ILRegularExpressionManager.m */; };
		D27CF9111A00B60F006B2D2B /* NSArray+NSArray_ILExtension.m in Sources */ = {isa = PBXBuildFile; fileRef = D27CF90B1A00B60F006B2D2B /* NSArray+NSArray_ILExtension.m */; };
		D27CF9121A00B60F006B2D2B /* NSString+NSString_ILExtension.m in Sources */ = {isa = PBXBuildFile; fileRef = D27CF90D1A00B60F006B2D2B /* NSString+NSString_ILExtension.m */; };
		D27CF9131A00B60F006B2D2B /* YMTextData.m in Sources */ = {isa = PBXBuildFile; fileRef = D27CF90F1A00B60F006B2D2B /* YMTextData.m */; };
		D27CF91B1A00B660006B2D2B /* DetailViewController.m in Sources */ = {isa = PBXBuildFile; fileRef = D27CF9161A00B660006B2D2B /* DetailViewController.m */; };
		D27CF91C1A00B660006B2D2B /* ViewController.m in Sources */ = {isa = PBXBuildFile; fileRef = D27CF9181A00B660006B2D2B /* ViewController.m */; };
		D27CF91D1A00B660006B2D2B /* WXViewController.m in Sources */ = {isa = PBXBuildFile; fileRef = D27CF91A1A00B660006B2D2B /* WXViewController.m */; };
		D27CF9231A00B6A2006B2D2B /* YMTableViewCell.m in Sources */ = {isa = PBXBuildFile; fileRef = D27CF9201A00B6A2006B2D2B /* YMTableViewCell.m */; };
		D28ACE911AEF8B8E00CC7751 /* WFHudView.m in Sources */ = {isa = PBXBuildFile; fileRef = D28ACE901AEF8B8E00CC7751 /* WFHudView.m */; };
		D28ACE941AEF905B00CC7751 /* WFReplyBody.m in Sources */ = {isa = PBXBuildFile; fileRef = D28ACE931AEF905B00CC7751 /* WFReplyBody.m */; };
		D292E15C1A035AE6001E28BA /* WFTextView.m in Sources */ = {isa = PBXBuildFile; fileRef = D292E15B1A035AE6001E28BA /* WFTextView.m */; };
		D2BCD63D19F9F15600869AD5 /* main.m in Sources */ = {isa = PBXBuildFile; fileRef = D2BCD63C19F9F15600869AD5 /* main.m */; };
		D2BCD64019F9F15600869AD5 /* AppDelegate.m in Sources */ = {isa = PBXBuildFile; fileRef = D2BCD63F19F9F15600869AD5 /* AppDelegate.m */; };
		D2BCD64619F9F15600869AD5 /* Main.storyboard in Resources */ = {isa = PBXBuildFile; fileRef = D2BCD64419F9F15600869AD5 /* Main.storyboard */; };
		D2BCD64819F9F15600869AD5 /* Images.xcassets in Resources */ = {isa = PBXBuildFile; fileRef = D2BCD64719F9F15600869AD5 /* Images.xcassets */; };
		D2BCD64B19F9F15600869AD5 /* LaunchScreen.xib in Resources */ = {isa = PBXBuildFile; fileRef = D2BCD64919F9F15600869AD5 /* LaunchScreen.xib */; };
		D2BCD65719F9F15600869AD5 /* WFCoretextTests.m in Sources */ = {isa = PBXBuildFile; fileRef = D2BCD65619F9F15600869AD5 /* WFCoretextTests.m */; };
		D2BCD66F19F9F4AD00869AD5 /* 01@2x.png in Resources */ = {isa = PBXBuildFile; fileRef = D2BCD66C19F9F4AD00869AD5 /* 01@2x.png */; };
		D2BCD67019F9F4AD00869AD5 /* 02@2x.png in Resources */ = {isa = PBXBuildFile; fileRef = D2BCD66D19F9F4AD00869AD5 /* 02@2x.png */; };
		D2BCD67119F9F4AD00869AD5 /* 03@2x.png in Resources */ = {isa = PBXBuildFile; fileRef = D2BCD66E19F9F4AD00869AD5 /* 03@2x.png */; };
		D2CD95BD1A08A87B00EFEE45 /* button_send_comment@2x.png in Resources */ = {isa = PBXBuildFile; fileRef = D2CD95BC1A08A87B00EFEE45 /* button_send_comment@2x.png */; };
		D2CD95BF1A08A90300EFEE45 /* fw_r2_c2@2x.png in Resources */ = {isa = PBXBuildFile; fileRef = D2CD95BE1A08A90300EFEE45 /* fw_r2_c2@2x.png */; };
		D2CD95C21A08BF3700EFEE45 /* YMButton.m in Sources */ = {isa = PBXBuildFile; fileRef = D2CD95C11A08BF3700EFEE45 /* YMButton.m */; };
		D2CD95C51A08C37200EFEE45 /* YMReplyInputView.m in Sources */ = {isa = PBXBuildFile; fileRef = D2CD95C41A08C37200EFEE45 /* YMReplyInputView.m */; };
/* End PBXBuildFile section */

/* Begin PBXContainerItemProxy section */
		D2BCD65119F9F15600869AD5 /* PBXContainerItemProxy */ = {
			isa = PBXContainerItemProxy;
			containerPortal = D2BCD62F19F9F15600869AD5 /* Project object */;
			proxyType = 1;
			remoteGlobalIDString = D2BCD63619F9F15600869AD5;
			remoteInfo = WFCoretext;
		};
/* End PBXContainerItemProxy section */

/* Begin PBXFileReference section */
		D231B5661B00ABC9005B9E95 /* WFPopView.h */ = {isa = PBXFileReference; fileEncoding = 4; lastKnownFileType = sourcecode.c.h; path = WFPopView.h; sourceTree = "<group>"; };
		D231B5671B00ABC9005B9E95 /* WFPopView.m */ = {isa = PBXFileReference; fileEncoding = 4; lastKnownFileType = sourcecode.c.objc; path = WFPopView.m; sourceTree = "<group>"; };
		D248D3EC1AF075DE004E8F3D /* WFMessageBody.h */ = {isa = PBXFileReference; fileEncoding = 4; lastKnownFileType = sourcecode.c.h; path = WFMessageBody.h; sourceTree = "<group>"; };
		D248D3ED1AF075DE004E8F3D /* WFMessageBody.m */ = {isa = PBXFileReference; fileEncoding = 4; lastKnownFileType = sourcecode.c.objc; path = WFMessageBody.m; sourceTree = "<group>"; };
		D2669DE61A075A6800EF7532 /* personal_showBac@2x.png */ = {isa = PBXFileReference; lastKnownFileType = image.png; path = "personal_showBac@2x.png"; sourceTree = "<group>"; };
		D2669DE91A075EAD00EF7532 /* 1.png */ = {isa = PBXFileReference; lastKnownFileType = image.png; path = 1.png; sourceTree = "<group>"; };
		D2669DEA1A075EAD00EF7532 /* 2.png */ = {isa = PBXFileReference; lastKnownFileType = image.png; path = 2.png; sourceTree = "<group>"; };
		D2669DEB1A075EAD00EF7532 /* 3.png */ = {isa = PBXFileReference; lastKnownFileType = image.png; path = 3.png; sourceTree = "<group>"; };
		D2669DEF1A0760DA00EF7532 /* mao@2x.jpg */ = {isa = PBXFileReference; lastKnownFileType = image.jpeg; path = "mao@2x.jpg"; sourceTree = "<group>"; };
		D2669DF11A076A7200EF7532 /* YMTapGestureRecongnizer.h */ = {isa = PBXFileReference; fileEncoding = 4; lastKnownFileType = sourcecode.c.h; path = YMTapGestureRecongnizer.h; sourceTree = "<group>"; };
		D2669DF21A076A7200EF7532 /* YMTapGestureRecongnizer.m */ = {isa = PBXFileReference; fileEncoding = 4; lastKnownFileType = sourcecode.c.objc; path = YMTapGestureRecongnizer.m; sourceTree = "<group>"; };
		D2669DF41A076ED000EF7532 /* YMShowImageView.h */ = {isa = PBXFileReference; fileEncoding = 4; lastKnownFileType = sourcecode.c.h; path = YMShowImageView.h; sourceTree = "<group>"; };
		D2669DF51A076ED000EF7532 /* YMShowImageView.m */ = {isa = PBXFileReference; fileEncoding = 4; lastKnownFileType = sourcecode.c.objc; path = YMShowImageView.m; sourceTree = "<group>"; };
		D27CF9061A00869A006B2D2B /* ContantHead.h */ = {isa = PBXFileReference; lastKnownFileType = sourcecode.c.h; path = ContantHead.h; sourceTree = "<group>"; };
		D27CF9081A00B60F006B2D2B /* ILRegularExpressionManager.h */ = {isa = PBXFileReference; fileEncoding = 4; lastKnownFileType = sourcecode.c.h; path = ILRegularExpressionManager.h; sourceTree = "<group>"; };
		D27CF9091A00B60F006B2D2B /* ILRegularExpressionManager.m */ = {isa = PBXFileReference; fileEncoding = 4; lastKnownFileType = sourcecode.c.objc; path = ILRegularExpressionManager.m; sourceTree = "<group>"; };
		D27CF90A1A00B60F006B2D2B /* NSArray+NSArray_ILExtension.h */ = {isa = PBXFileReference; fileEncoding = 4; lastKnownFileType = sourcecode.c.h; path = "NSArray+NSArray_ILExtension.h"; sourceTree = "<group>"; };
		D27CF90B1A00B60F006B2D2B /* NSArray+NSArray_ILExtension.m */ = {isa = PBXFileReference; fileEncoding = 4; lastKnownFileType = sourcecode.c.objc; path = "NSArray+NSArray_ILExtension.m"; sourceTree = "<group>"; };
		D27CF90C1A00B60F006B2D2B /* NSString+NSString_ILExtension.h */ = {isa = PBXFileReference; fileEncoding = 4; lastKnownFileType = sourcecode.c.h; path = "NSString+NSString_ILExtension.h"; sourceTree = "<group>"; };
		D27CF90D1A00B60F006B2D2B /* NSString+NSString_ILExtension.m */ = {isa = PBXFileReference; fileEncoding = 4; lastKnownFileType = sourcecode.c.objc; path = "NSString+NSString_ILExtension.m"; sourceTree = "<group>"; };
		D27CF90E1A00B60F006B2D2B /* YMTextData.h */ = {isa = PBXFileReference; fileEncoding = 4; lastKnownFileType = sourcecode.c.h; path = YMTextData.h; sourceTree = "<group>"; };
		D27CF90F1A00B60F006B2D2B /* YMTextData.m */ = {isa = PBXFileReference; fileEncoding = 4; lastKnownFileType = sourcecode.c.objc; path = YMTextData.m; sourceTree = "<group>"; };
		D27CF9151A00B660006B2D2B /* DetailViewController.h */ = {isa = PBXFileReference; fileEncoding = 4; lastKnownFileType = sourcecode.c.h; path = DetailViewController.h; sourceTree = "<group>"; };
		D27CF9161A00B660006B2D2B /* DetailViewController.m */ = {isa = PBXFileReference; fileEncoding = 4; lastKnownFileType = sourcecode.c.objc; path = DetailViewController.m; sourceTree = "<group>"; };
		D27CF9171A00B660006B2D2B /* ViewController.h */ = {isa = PBXFileReference; fileEncoding = 4; lastKnownFileType = sourcecode.c.h; path = ViewController.h; sourceTree = "<group>"; };
		D27CF9181A00B660006B2D2B /* ViewController.m */ = {isa = PBXFileReference; fileEncoding = 4; lastKnownFileType = sourcecode.c.objc; path = ViewController.m; sourceTree = "<group>"; };
		D27CF9191A00B660006B2D2B /* WXViewController.h */ = {isa = PBXFileReference; fileEncoding = 4; lastKnownFileType = sourcecode.c.h; path = WXViewController.h; sourceTree = "<group>"; };
		D27CF91A1A00B660006B2D2B /* WXViewController.m */ = {isa = PBXFileReference; fileEncoding = 4; lastKnownFileType = sourcecode.c.objc; path = WXViewController.m; sourceTree = "<group>"; };
		D27CF91F1A00B6A2006B2D2B /* YMTableViewCell.h */ = {isa = PBXFileReference; fileEncoding = 4; lastKnownFileType = sourcecode.c.h; path = YMTableViewCell.h; sourceTree = "<group>"; };
		D27CF9201A00B6A2006B2D2B /* YMTableViewCell.m */ = {isa = PBXFileReference; fileEncoding = 4; lastKnownFileType = sourcecode.c.objc; path = YMTableViewCell.m; sourceTree = "<group>"; };
		D28ACE8F1AEF8B8E00CC7751 /* WFHudView.h */ = {isa = PBXFileReference; fileEncoding = 4; lastKnownFileType = sourcecode.c.h; path = WFHudView.h; sourceTree = "<group>"; };
		D28ACE901AEF8B8E00CC7751 /* WFHudView.m */ = {isa = PBXFileReference; fileEncoding = 4; lastKnownFileType = sourcecode.c.objc; path = WFHudView.m; sourceTree = "<group>"; };
		D28ACE921AEF905B00CC7751 /* WFReplyBody.h */ = {isa = PBXFileReference; fileEncoding = 4; lastKnownFileType = sourcecode.c.h; path = WFReplyBody.h; sourceTree = "<group>"; };
		D28ACE931AEF905B00CC7751 /* WFReplyBody.m */ = {isa = PBXFileReference; fileEncoding = 4; lastKnownFileType = sourcecode.c.objc; path = WFReplyBody.m; sourceTree = "<group>"; };
		D292E15A1A035AE6001E28BA /* WFTextView.h */ = {isa = PBXFileReference; fileEncoding = 4; lastKnownFileType = sourcecode.c.h; path = WFTextView.h; sourceTree = "<group>"; };
		D292E15B1A035AE6001E28BA /* WFTextView.m */ = {isa = PBXFileReference; fileEncoding = 4; lastKnownFileType = sourcecode.c.objc; path = WFTextView.m; sourceTree = "<group>"; };
		D2BCD63719F9F15600869AD5 /* WFCoretext.app */ = {isa = PBXFileReference; explicitFileType = wrapper.application; includeInIndex = 0; path = WFCoretext.app; sourceTree = BUILT_PRODUCTS_DIR; };
		D2BCD63B19F9F15600869AD5 /* Info.plist */ = {isa = PBXFileReference; lastKnownFileType = text.plist.xml; path = Info.plist; sourceTree = "<group>"; };
		D2BCD63C19F9F15600869AD5 /* main.m */ = {isa = PBXFileReference; lastKnownFileType = sourcecode.c.objc; path = main.m; sourceTree = "<group>"; };
		D2BCD63E19F9F15600869AD5 /* AppDelegate.h */ = {isa = PBXFileReference; lastKnownFileType = sourcecode.c.h; path = AppDelegate.h; sourceTree = "<group>"; };
		D2BCD63F19F9F15600869AD5 /* AppDelegate.m */ = {isa = PBXFileReference; lastKnownFileType = sourcecode.c.objc; path = AppDelegate.m; sourceTree = "<group>"; };
		D2BCD64519F9F15600869AD5 /* Base */ = {isa = PBXFileReference; lastKnownFileType = file.storyboard; name = Base; path = Base.lproj/Main.storyboard; sourceTree = "<group>"; };
		D2BCD64719F9F15600869AD5 /* Images.xcassets */ = {isa = PBXFileReference; lastKnownFileType = folder.assetcatalog; path = Images.xcassets; sourceTree = "<group>"; };
		D2BCD64A19F9F15600869AD5 /* Base */ = {isa = PBXFileReference; lastKnownFileType = file.xib; name = Base; path = Base.lproj/LaunchScreen.xib; sourceTree = "<group>"; };
		D2BCD65019F9F15600869AD5 /* WFCoretextTests.xctest */ = {isa = PBXFileReference; explicitFileType = wrapper.cfbundle; includeInIndex = 0; path = WFCoretextTests.xctest; sourceTree = BUILT_PRODUCTS_DIR; };
		D2BCD65519F9F15600869AD5 /* Info.plist */ = {isa = PBXFileReference; lastKnownFileType = text.plist.xml; path = Info.plist; sourceTree = "<group>"; };
		D2BCD65619F9F15600869AD5 /* WFCoretextTests.m */ = {isa = PBXFileReference; lastKnownFileType = sourcecode.c.objc; path = WFCoretextTests.m; sourceTree = "<group>"; };
		D2BCD66C19F9F4AD00869AD5 /* 01@2x.png */ = {isa = PBXFileReference; lastKnownFileType = image.png; path = "01@2x.png"; sourceTree = "<group>"; };
		D2BCD66D19F9F4AD00869AD5 /* 02@2x.png */ = {isa = PBXFileReference; lastKnownFileType = image.png; path = "02@2x.png"; sourceTree = "<group>"; };
		D2BCD66E19F9F4AD00869AD5 /* 03@2x.png */ = {isa = PBXFileReference; lastKnownFileType = image.png; path = "03@2x.png"; sourceTree = "<group>"; };
		D2CD95BC1A08A87B00EFEE45 /* button_send_comment@2x.png */ = {isa = PBXFileReference; lastKnownFileType = image.png; path = "button_send_comment@2x.png"; sourceTree = "<group>"; };
		D2CD95BE1A08A90300EFEE45 /* fw_r2_c2@2x.png */ = {isa = PBXFileReference; lastKnownFileType = image.png; path = "fw_r2_c2@2x.png"; sourceTree = "<group>"; };
		D2CD95C01A08BF3700EFEE45 /* YMButton.h */ = {isa = PBXFileReference; fileEncoding = 4; lastKnownFileType = sourcecode.c.h; path = YMButton.h; sourceTree = "<group>"; };
		D2CD95C11A08BF3700EFEE45 /* YMButton.m */ = {isa = PBXFileReference; fileEncoding = 4; lastKnownFileType = sourcecode.c.objc; path = YMButton.m; sourceTree = "<group>"; };
		D2CD95C31A08C37200EFEE45 /* YMReplyInputView.h */ = {isa = PBXFileReference; fileEncoding = 4; lastKnownFileType = sourcecode.c.h; path = YMReplyInputView.h; sourceTree = "<group>"; };
		D2CD95C41A08C37200EFEE45 /* YMReplyInputView.m */ = {isa = PBXFileReference; fileEncoding = 4; lastKnownFileType = sourcecode.c.objc; path = YMReplyInputView.m; sourceTree = "<group>"; };
/* End PBXFileReference section */

/* Begin PBXFrameworksBuildPhase section */
		D2BCD63419F9F15600869AD5 /* Frameworks */ = {
			isa = PBXFrameworksBuildPhase;
			buildActionMask = 2147483647;
			files = (
			);
			runOnlyForDeploymentPostprocessing = 0;
		};
		D2BCD64D19F9F15600869AD5 /* Frameworks */ = {
			isa = PBXFrameworksBuildPhase;
			buildActionMask = 2147483647;
			files = (
			);
			runOnlyForDeploymentPostprocessing = 0;
		};
/* End PBXFrameworksBuildPhase section */

/* Begin PBXGroup section */
		D2669DE51A075A6800EF7532 /* Source */ = {
			isa = PBXGroup;
			children = (
				D2CD95BE1A08A90300EFEE45 /* fw_r2_c2@2x.png */,
				D2CD95BC1A08A87B00EFEE45 /* button_send_comment@2x.png */,
				D2669DE61A075A6800EF7532 /* personal_showBac@2x.png */,
				D2669DE91A075EAD00EF7532 /* 1.png */,
				D2669DEA1A075EAD00EF7532 /* 2.png */,
				D2669DEB1A075EAD00EF7532 /* 3.png */,
				D2669DEF1A0760DA00EF7532 /* mao@2x.jpg */,
			);
			path = Source;
			sourceTree = "<group>";
		};
		D27CF9071A00B60F006B2D2B /* Manager */ = {
			isa = PBXGroup;
			children = (
				D27CF9081A00B60F006B2D2B /* ILRegularExpressionManager.h */,
				D27CF9091A00B60F006B2D2B /* ILRegularExpressionManager.m */,
				D27CF90A1A00B60F006B2D2B /* NSArray+NSArray_ILExtension.h */,
				D27CF90B1A00B60F006B2D2B /* NSArray+NSArray_ILExtension.m */,
				D27CF90C1A00B60F006B2D2B /* NSString+NSString_ILExtension.h */,
				D27CF90D1A00B60F006B2D2B /* NSString+NSString_ILExtension.m */,
				D27CF90E1A00B60F006B2D2B /* YMTextData.h */,
				D27CF90F1A00B60F006B2D2B /* YMTextData.m */,
				D28ACE921AEF905B00CC7751 /* WFReplyBody.h */,
				D28ACE931AEF905B00CC7751 /* WFReplyBody.m */,
				D248D3EC1AF075DE004E8F3D /* WFMessageBody.h */,
				D248D3ED1AF075DE004E8F3D /* WFMessageBody.m */,
			);
			path = Manager;
			sourceTree = "<group>";
		};
		D27CF9141A00B660006B2D2B /* ViewController */ = {
			isa = PBXGroup;
			children = (
				D27CF9151A00B660006B2D2B /* DetailViewController.h */,
				D27CF9161A00B660006B2D2B /* DetailViewController.m */,
				D27CF9171A00B660006B2D2B /* ViewController.h */,
				D27CF9181A00B660006B2D2B /* ViewController.m */,
				D27CF9191A00B660006B2D2B /* WXViewController.h */,
				D27CF91A1A00B660006B2D2B /* WXViewController.m */,
			);
			name = ViewController;
			path = Manager/ViewController;
			sourceTree = "<group>";
		};
		D27CF91E1A00B6A2006B2D2B /* View */ = {
			isa = PBXGroup;
			children = (
				D2CD95C31A08C37200EFEE45 /* YMReplyInputView.h */,
				D2CD95C41A08C37200EFEE45 /* YMReplyInputView.m */,
				D27CF91F1A00B6A2006B2D2B /* YMTableViewCell.h */,
				D27CF9201A00B6A2006B2D2B /* YMTableViewCell.m */,
				D292E15A1A035AE6001E28BA /* WFTextView.h */,
				D292E15B1A035AE6001E28BA /* WFTextView.m */,
				D2669DF11A076A7200EF7532 /* YMTapGestureRecongnizer.h */,
				D28ACE8F1AEF8B8E00CC7751 /* WFHudView.h */,
				D28ACE901AEF8B8E00CC7751 /* WFHudView.m */,
				D2669DF21A076A7200EF7532 /* YMTapGestureRecongnizer.m */,
				D2669DF41A076ED000EF7532 /* YMShowImageView.h */,
				D2669DF51A076ED000EF7532 /* YMShowImageView.m */,
				D2CD95C01A08BF3700EFEE45 /* YMButton.h */,
				D2CD95C11A08BF3700EFEE45 /* YMButton.m */,
				D231B5661B00ABC9005B9E95 /* WFPopView.h */,
				D231B5671B00ABC9005B9E95 /* WFPopView.m */,
			);
			path = View;
			sourceTree = "<group>";
		};
		D2BCD62E19F9F15600869AD5 = {
			isa = PBXGroup;
			children = (
				D2BCD63919F9F15600869AD5 /* WFCoretext */,
				D2BCD65319F9F15600869AD5 /* WFCoretextTests */,
				D2BCD63819F9F15600869AD5 /* Products */,
			);
			sourceTree = "<group>";
		};
		D2BCD63819F9F15600869AD5 /* Products */ = {
			isa = PBXGroup;
			children = (
				D2BCD63719F9F15600869AD5 /* WFCoretext.app */,
				D2BCD65019F9F15600869AD5 /* WFCoretextTests.xctest */,
			);
			name = Products;
			sourceTree = "<group>";
		};
		D2BCD63919F9F15600869AD5 /* WFCoretext */ = {
			isa = PBXGroup;
			children = (
				D2669DE51A075A6800EF7532 /* Source */,
				D27CF91E1A00B6A2006B2D2B /* View */,
				D27CF9141A00B660006B2D2B /* ViewController */,
				D27CF9071A00B60F006B2D2B /* Manager */,
				D2BCD66C19F9F4AD00869AD5 /* 01@2x.png */,
				D2BCD66D19F9F4AD00869AD5 /* 02@2x.png */,
				D2BCD66E19F9F4AD00869AD5 /* 03@2x.png */,
				D2BCD63E19F9F15600869AD5 /* AppDelegate.h */,
				D2BCD63F19F9F15600869AD5 /* AppDelegate.m */,
				D27CF9061A00869A006B2D2B /* ContantHead.h */,
				D2BCD64419F9F15600869AD5 /* Main.storyboard */,
				D2BCD64719F9F15600869AD5 /* Images.xcassets */,
				D2BCD64919F9F15600869AD5 /* LaunchScreen.xib */,
				D2BCD63A19F9F15600869AD5 /* Supporting Files */,
			);
			path = WFCoretext;
			sourceTree = "<group>";
		};
		D2BCD63A19F9F15600869AD5 /* Supporting Files */ = {
			isa = PBXGroup;
			children = (
				D2BCD63B19F9F15600869AD5 /* Info.plist */,
				D2BCD63C19F9F15600869AD5 /* main.m */,
			);
			name = "Supporting Files";
			sourceTree = "<group>";
		};
		D2BCD65319F9F15600869AD5 /* WFCoretextTests */ = {
			isa = PBXGroup;
			children = (
				D2BCD65619F9F15600869AD5 /* WFCoretextTests.m */,
				D2BCD65419F9F15600869AD5 /* Supporting Files */,
			);
			path = WFCoretextTests;
			sourceTree = "<group>";
		};
		D2BCD65419F9F15600869AD5 /* Supporting Files */ = {
			isa = PBXGroup;
			children = (
				D2BCD65519F9F15600869AD5 /* Info.plist */,
			);
			name = "Supporting Files";
			sourceTree = "<group>";
		};
/* End PBXGroup section */

/* Begin PBXNativeTarget section */
		D2BCD63619F9F15600869AD5 /* WFCoretext */ = {
			isa = PBXNativeTarget;
			buildConfigurationList = D2BCD65A19F9F15600869AD5 /* Build configuration list for PBXNativeTarget "WFCoretext" */;
			buildPhases = (
				D2BCD63319F9F15600869AD5 /* Sources */,
				D2BCD63419F9F15600869AD5 /* Frameworks */,
				D2BCD63519F9F15600869AD5 /* Resources */,
			);
			buildRules = (
			);
			dependencies = (
			);
			name = WFCoretext;
			productName = WFCoretext;
			productReference = D2BCD63719F9F15600869AD5 /* WFCoretext.app */;
			productType = "com.apple.product-type.application";
		};
		D2BCD64F19F9F15600869AD5 /* WFCoretextTests */ = {
			isa = PBXNativeTarget;
			buildConfigurationList = D2BCD65D19F9F15600869AD5 /* Build configuration list for PBXNativeTarget "WFCoretextTests" */;
			buildPhases = (
				D2BCD64C19F9F15600869AD5 /* Sources */,
				D2BCD64D19F9F15600869AD5 /* Frameworks */,
				D2BCD64E19F9F15600869AD5 /* Resources */,
			);
			buildRules = (
			);
			dependencies = (
				D2BCD65219F9F15600869AD5 /* PBXTargetDependency */,
			);
			name = WFCoretextTests;
			productName = WFCoretextTests;
			productReference = D2BCD65019F9F15600869AD5 /* WFCoretextTests.xctest */;
			productType = "com.apple.product-type.bundle.unit-test";
		};
/* End PBXNativeTarget section */

/* Begin PBXProject section */
		D2BCD62F19F9F15600869AD5 /* Project object */ = {
			isa = PBXProject;
			attributes = {
				LastUpgradeCheck = 0610;
				ORGANIZATIONNAME = tigerwf;
				TargetAttributes = {
					D2BCD63619F9F15600869AD5 = {
						CreatedOnToolsVersion = 6.1;
						DevelopmentTeam = 3SH58VSS63;
					};
					D2BCD64F19F9F15600869AD5 = {
						CreatedOnToolsVersion = 6.1;
						TestTargetID = D2BCD63619F9F15600869AD5;
					};
				};
			};
			buildConfigurationList = D2BCD63219F9F15600869AD5 /* Build configuration list for PBXProject "WFCoretext" */;
			compatibilityVersion = "Xcode 3.2";
			developmentRegion = English;
			hasScannedForEncodings = 0;
			knownRegions = (
				en,
				Base,
			);
			mainGroup = D2BCD62E19F9F15600869AD5;
			productRefGroup = D2BCD63819F9F15600869AD5 /* Products */;
			projectDirPath = "";
			projectRoot = "";
			targets = (
				D2BCD63619F9F15600869AD5 /* WFCoretext */,
				D2BCD64F19F9F15600869AD5 /* WFCoretextTests */,
			);
		};
/* End PBXProject section */

/* Begin PBXResourcesBuildPhase section */
		D2BCD63519F9F15600869AD5 /* Resources */ = {
			isa = PBXResourcesBuildPhase;
			buildActionMask = 2147483647;
			files = (
				D2BCD67019F9F4AD00869AD5 /* 02@2x.png in Resources */,
				D2669DEC1A075EAD00EF7532 /* 1.png in Resources */,
				D2CD95BD1A08A87B00EFEE45 /* button_send_comment@2x.png in Resources */,
				D2BCD64619F9F15600869AD5 /* Main.storyboard in Resources */,
				D2BCD64B19F9F15600869AD5 /* LaunchScreen.xib in Resources */,
				D2669DE71A075A6800EF7532 /* personal_showBac@2x.png in Resources */,
				D2669DF01A0760DA00EF7532 /* mao@2x.jpg in Resources */,
				D2CD95BF1A08A90300EFEE45 /* fw_r2_c2@2x.png in Resources */,
				D2669DEE1A075EAD00EF7532 /* 3.png in Resources */,
				D2BCD67119F9F4AD00869AD5 /* 03@2x.png in Resources */,
				D2669DED1A075EAD00EF7532 /* 2.png in Resources */,
				D2BCD64819F9F15600869AD5 /* Images.xcassets in Resources */,
				D2BCD66F19F9F4AD00869AD5 /* 01@2x.png in Resources */,
			);
			runOnlyForDeploymentPostprocessing = 0;
		};
		D2BCD64E19F9F15600869AD5 /* Resources */ = {
			isa = PBXResourcesBuildPhase;
			buildActionMask = 2147483647;
			files = (
			);
			runOnlyForDeploymentPostprocessing = 0;
		};
/* End PBXResourcesBuildPhase section */

/* Begin PBXSourcesBuildPhase section */
		D2BCD63319F9F15600869AD5 /* Sources */ = {
			isa = PBXSourcesBuildPhase;
			buildActionMask = 2147483647;
			files = (
				D292E15C1A035AE6001E28BA /* WFTextView.m in Sources */,
				D2669DF31A076A7200EF7532 /* YMTapGestureRecongnizer.m in Sources */,
				D2CD95C51A08C37200EFEE45 /* YMReplyInputView.m in Sources */,
				D27CF9101A00B60F006B2D2B /* ILRegularExpressionManager.m in Sources */,
				D27CF9121A00B60F006B2D2B /* NSString+NSString_ILExtension.m in Sources */,
				D27CF91B1A00B660006B2D2B /* DetailViewController.m in Sources */,
				D27CF9231A00B6A2006B2D2B /* YMTableViewCell.m in Sources */,
				D231B5681B00ABC9005B9E95 /* WFPopView.m in Sources */,
				D27CF91C1A00B660006B2D2B /* ViewController.m in Sources */,
				D28ACE941AEF905B00CC7751 /* WFReplyBody.m in Sources */,
				D2CD95C21A08BF3700EFEE45 /* YMButton.m in Sources */,
				D2BCD64019F9F15600869AD5 /* AppDelegate.m in Sources */,
				D27CF91D1A00B660006B2D2B /* WXViewController.m in Sources */,
				D27CF9131A00B60F006B2D2B /* YMTextData.m in Sources */,
				D27CF9111A00B60F006B2D2B /* NSArray+NSArray_ILExtension.m in Sources */,
				D2BCD63D19F9F15600869AD5 /* main.m in Sources */,
				D2669DF61A076ED000EF7532 /* YMShowImageView.m in Sources */,
				D248D3EE1AF075DE004E8F3D /* WFMessageBody.m in Sources */,
				D28ACE911AEF8B8E00CC7751 /* WFHudView.m in Sources */,
			);
			runOnlyForDeploymentPostprocessing = 0;
		};
		D2BCD64C19F9F15600869AD5 /* Sources */ = {
			isa = PBXSourcesBuildPhase;
			buildActionMask = 2147483647;
			files = (
				D2BCD65719F9F15600869AD5 /* WFCoretextTests.m in Sources */,
			);
			runOnlyForDeploymentPostprocessing = 0;
		};
/* End PBXSourcesBuildPhase section */

/* Begin PBXTargetDependency section */
		D2BCD65219F9F15600869AD5 /* PBXTargetDependency */ = {
			isa = PBXTargetDependency;
			target = D2BCD63619F9F15600869AD5 /* WFCoretext */;
			targetProxy = D2BCD65119F9F15600869AD5 /* PBXContainerItemProxy */;
		};
/* End PBXTargetDependency section */

/* Begin PBXVariantGroup section */
		D2BCD64419F9F15600869AD5 /* Main.storyboard */ = {
			isa = PBXVariantGroup;
			children = (
				D2BCD64519F9F15600869AD5 /* Base */,
			);
			name = Main.storyboard;
			sourceTree = "<group>";
		};
		D2BCD64919F9F15600869AD5 /* LaunchScreen.xib */ = {
			isa = PBXVariantGroup;
			children = (
				D2BCD64A19F9F15600869AD5 /* Base */,
			);
			name = LaunchScreen.xib;
			sourceTree = "<group>";
		};
/* End PBXVariantGroup section */

/* Begin XCBuildConfiguration section */
		D2BCD65819F9F15600869AD5 /* Debug */ = {
			isa = XCBuildConfiguration;
			buildSettings = {
				ALWAYS_SEARCH_USER_PATHS = NO;
				CLANG_CXX_LANGUAGE_STANDARD = "gnu++0x";
				CLANG_CXX_LIBRARY = "libc++";
				CLANG_ENABLE_MODULES = YES;
				CLANG_ENABLE_OBJC_ARC = YES;
				CLANG_WARN_BOOL_CONVERSION = YES;
				CLANG_WARN_CONSTANT_CONVERSION = YES;
				CLANG_WARN_DIRECT_OBJC_ISA_USAGE = YES_ERROR;
				CLANG_WARN_EMPTY_BODY = YES;
				CLANG_WARN_ENUM_CONVERSION = YES;
				CLANG_WARN_INT_CONVERSION = YES;
				CLANG_WARN_OBJC_ROOT_CLASS = YES_ERROR;
				CLANG_WARN_UNREACHABLE_CODE = YES;
				CLANG_WARN__DUPLICATE_METHOD_MATCH = YES;
				"CODE_SIGN_IDENTITY[sdk=iphoneos*]" = "iPhone Developer";
				COPY_PHASE_STRIP = NO;
				ENABLE_STRICT_OBJC_MSGSEND = YES;
				GCC_C_LANGUAGE_STANDARD = gnu99;
				GCC_DYNAMIC_NO_PIC = NO;
				GCC_OPTIMIZATION_LEVEL = 0;
				GCC_PREPROCESSOR_DEFINITIONS = (
					"DEBUG=1",
					"$(inherited)",
				);
				GCC_SYMBOLS_PRIVATE_EXTERN = NO;
				GCC_WARN_64_TO_32_BIT_CONVERSION = YES;
				GCC_WARN_ABOUT_RETURN_TYPE = YES_ERROR;
				GCC_WARN_UNDECLARED_SELECTOR = YES;
				GCC_WARN_UNINITIALIZED_AUTOS = YES_AGGRESSIVE;
				GCC_WARN_UNUSED_FUNCTION = YES;
				GCC_WARN_UNUSED_VARIABLE = YES;
				IPHONEOS_DEPLOYMENT_TARGET = 8.0;
				MTL_ENABLE_DEBUG_INFO = YES;
				ONLY_ACTIVE_ARCH = YES;
				SDKROOT = iphoneos;
			};
			name = Debug;
		};
		D2BCD65919F9F15600869AD5 /* Release */ = {
			isa = XCBuildConfiguration;
			buildSettings = {
				ALWAYS_SEARCH_USER_PATHS = NO;
				CLANG_CXX_LANGUAGE_STANDARD = "gnu++0x";
				CLANG_CXX_LIBRARY = "libc++";
				CLANG_ENABLE_MODULES = YES;
				CLANG_ENABLE_OBJC_ARC = YES;
				CLANG_WARN_BOOL_CONVERSION = YES;
				CLANG_WARN_CONSTANT_CONVERSION = YES;
				CLANG_WARN_DIRECT_OBJC_ISA_USAGE = YES_ERROR;
				CLANG_WARN_EMPTY_BODY = YES;
				CLANG_WARN_ENUM_CONVERSION = YES;
				CLANG_WARN_INT_CONVERSION = YES;
				CLANG_WARN_OBJC_ROOT_CLASS = YES_ERROR;
				CLANG_WARN_UNREACHABLE_CODE = YES;
				CLANG_WARN__DUPLICATE_METHOD_MATCH = YES;
				"CODE_SIGN_IDENTITY[sdk=iphoneos*]" = "iPhone Developer";
				COPY_PHASE_STRIP = YES;
				ENABLE_NS_ASSERTIONS = NO;
				ENABLE_STRICT_OBJC_MSGSEND = YES;
				GCC_C_LANGUAGE_STANDARD = gnu99;
				GCC_WARN_64_TO_32_BIT_CONVERSION = YES;
				GCC_WARN_ABOUT_RETURN_TYPE = YES_ERROR;
				GCC_WARN_UNDECLARED_SELECTOR = YES;
				GCC_WARN_UNINITIALIZED_AUTOS = YES_AGGRESSIVE;
				GCC_WARN_UNUSED_FUNCTION = YES;
				GCC_WARN_UNUSED_VARIABLE = YES;
				IPHONEOS_DEPLOYMENT_TARGET = 8.0;
				MTL_ENABLE_DEBUG_INFO = NO;
				SDKROOT = iphoneos;
				VALIDATE_PRODUCT = YES;
			};
			name = Release;
		};
		D2BCD65B19F9F15600869AD5 /* Debug */ = {
			isa = XCBuildConfiguration;
			buildSettings = {
				ASSETCATALOG_COMPILER_APPICON_NAME = AppIcon;
				CODE_SIGN_IDENTITY = "iPhone Developer";
				"CODE_SIGN_IDENTITY[sdk=iphoneos*]" = "iPhone Developer";
				INFOPLIST_FILE = WFCoretext/Info.plist;
				IPHONEOS_DEPLOYMENT_TARGET = 7.1;
				LD_RUNPATH_SEARCH_PATHS = "$(inherited) @executable_path/Frameworks";
				PRODUCT_NAME = "$(TARGET_NAME)";
				PROVISIONING_PROFILE = "";
			};
			name = Debug;
		};
		D2BCD65C19F9F15600869AD5 /* Release */ = {
			isa = XCBuildConfiguration;
			buildSettings = {
				ASSETCATALOG_COMPILER_APPICON_NAME = AppIcon;
				CODE_SIGN_IDENTITY = "iPhone Developer";
				"CODE_SIGN_IDENTITY[sdk=iphoneos*]" = "iPhone Developer";
				INFOPLIST_FILE = WFCoretext/Info.plist;
				IPHONEOS_DEPLOYMENT_TARGET = 7.1;
				LD_RUNPATH_SEARCH_PATHS = "$(inherited) @executable_path/Frameworks";
				PRODUCT_NAME = "$(TARGET_NAME)";
				PROVISIONING_PROFILE = "";
			};
			name = Release;
		};
		D2BCD65E19F9F15600869AD5 /* Debug */ = {
			isa = XCBuildConfiguration;
			buildSettings = {
				BUNDLE_LOADER = "$(TEST_HOST)";
				FRAMEWORK_SEARCH_PATHS = (
					"$(SDKROOT)/Developer/Library/Frameworks",
					"$(inherited)",
				);
				GCC_PREPROCESSOR_DEFINITIONS = (
					"DEBUG=1",
					"$(inherited)",
				);
				INFOPLIST_FILE = WFCoretextTests/Info.plist;
				LD_RUNPATH_SEARCH_PATHS = "$(inherited) @executable_path/Frameworks @loader_path/Frameworks";
				PRODUCT_NAME = "$(TARGET_NAME)";
				TEST_HOST = "$(BUILT_PRODUCTS_DIR)/WFCoretext.app/WFCoretext";
			};
			name = Debug;
		};
		D2BCD65F19F9F15600869AD5 /* Release */ = {
			isa = XCBuildConfiguration;
			buildSettings = {
				BUNDLE_LOADER = "$(TEST_HOST)";
				FRAMEWORK_SEARCH_PATHS = (
					"$(SDKROOT)/Developer/Library/Frameworks",
					"$(inherited)",
				);
				INFOPLIST_FILE = WFCoretextTests/Info.plist;
				LD_RUNPATH_SEARCH_PATHS = "$(inherited) @executable_path/Frameworks @loader_path/Frameworks";
				PRODUCT_NAME = "$(TARGET_NAME)";
				TEST_HOST = "$(BUILT_PRODUCTS_DIR)/WFCoretext.app/WFCoretext";
			};
			name = Release;
		};
/* End XCBuildConfiguration section */

/* Begin XCConfigurationList section */
		D2BCD63219F9F15600869AD5 /* Build configuration list for PBXProject "WFCoretext" */ = {
			isa = XCConfigurationList;
			buildConfigurations = (
				D2BCD65819F9F15600869AD5 /* Debug */,
				D2BCD65919F9F15600869AD5 /* Release */,
			);
			defaultConfigurationIsVisible = 0;
			defaultConfigurationName = Release;
		};
		D2BCD65A19F9F15600869AD5 /* Build configuration list for PBXNativeTarget "WFCoretext" */ = {
			isa = XCConfigurationList;
			buildConfigurations = (
				D2BCD65B19F9F15600869AD5 /* Debug */,
				D2BCD65C19F9F15600869AD5 /* Release */,
			);
			defaultConfigurationIsVisible = 0;
			defaultConfigurationName = Release;
		};
		D2BCD65D19F9F15600869AD5 /* Build configuration list for PBXNativeTarget "WFCoretextTests" */ = {
			isa = XCConfigurationList;
			buildConfigurations = (
				D2BCD65E19F9F15600869AD5 /* Debug */,
				D2BCD65F19F9F15600869AD5 /* Release */,
			);
			defaultConfigurationIsVisible = 0;
			defaultConfigurationName = Release;
		};
/* End XCConfigurationList section */
	};
	rootObject = D2BCD62F19F9F15600869AD5 /* Project object */;
}
